
Microsoft Visual Studio Solution File, Format Version 12.00
# Visual Studio 15
VisualStudioVersion = 15.0.28307.329
MinimumVisualStudioVersion = 10.0.40219.1
Project("{FAE04EC0-301F-11D3-BF4B-00C04F79EFBC}") = "App-1904701", "App-1904701\App-1904701.csproj", "{2BF4AB71-A349-469D-862D-FDD496466C08}"
EndProject
Project("{FAE04EC0-301F-11D3-BF4B-00C04F79EFBC}") = "App-1906501", "App-1906501\App-1906501.csproj", "{C38701B8-FDAA-4402-BA9C-670FF644A669}"
EndProject
Project("{FAE04EC0-301F-11D3-BF4B-00C04F79EFBC}") = "App-1907301", "App-1907301\App-1907301.csproj", "{B451691D-7026-4416-A9A7-0DF6796CEB0C}"
EndProject
Project("{FAE04EC0-301F-11D3-BF4B-00C04F79EFBC}") = "App-1907601", "App-1907601\App-1907601.csproj", "{E7E5C1BE-4537-4390-910E-30CB847C91D1}"
EndProject
Project("{FAE04EC0-301F-11D3-BF4B-00C04F79EFBC}") = "App-1907701", "App-1907701\App-1907701.csproj", "{5B38B04B-EC38-4892-9D13-9EB89F37BCEA}"
EndProject
Project("{FAE04EC0-301F-11D3-BF4B-00C04F79EFBC}") = "App-1907703", "App-1907703\App-1907703.csproj", "{A7964F77-D48F-4A00-B55F-843F729CB3EB}"
EndProject
Project("{9A19103F-16F7-4668-BE54-9A1E7A4F7556}") = "App-1907703.Core", "App-1907703.Core\App-1907703.Core.csproj", "{87C80D14-2F01-407F-AC9E-624B2E0D61F5}"
EndProject
Global
	GlobalSection(SolutionConfigurationPlatforms) = preSolution
		Debug|Any CPU = Debug|Any CPU
		Debug|ARM = Debug|ARM
		Debug|ARM64 = Debug|ARM64
		Debug|x64 = Debug|x64
		Debug|x86 = Debug|x86
		Release|Any CPU = Release|Any CPU
		Release|ARM = Release|ARM
		Release|ARM64 = Release|ARM64
		Release|x64 = Release|x64
		Release|x86 = Release|x86
	EndGlobalSection
	GlobalSection(ProjectConfigurationPlatforms) = postSolution
		{2BF4AB71-A349-469D-862D-FDD496466C08}.Debug|Any CPU.ActiveCfg = Debug|x86
		{2BF4AB71-A349-469D-862D-FDD496466C08}.Debug|ARM.ActiveCfg = Debug|ARM
		{2BF4AB71-A349-469D-862D-FDD496466C08}.Debug|ARM.Build.0 = Debug|ARM
		{2BF4AB71-A349-469D-862D-FDD496466C08}.Debug|ARM.Deploy.0 = Debug|ARM
		{2BF4AB71-A349-469D-862D-FDD496466C08}.Debug|ARM64.ActiveCfg = Debug|ARM64
		{2BF4AB71-A349-469D-862D-FDD496466C08}.Debug|ARM64.Build.0 = Debug|ARM64
		{2BF4AB71-A349-469D-862D-FDD496466C08}.Debug|ARM64.Deploy.0 = Debug|ARM64
		{2BF4AB71-A349-469D-862D-FDD496466C08}.Debug|x64.ActiveCfg = Debug|x64
		{2BF4AB71-A349-469D-862D-FDD496466C08}.Debug|x64.Build.0 = Debug|x64
		{2BF4AB71-A349-469D-862D-FDD496466C08}.Debug|x64.Deploy.0 = Debug|x64
		{2BF4AB71-A349-469D-862D-FDD496466C08}.Debug|x86.ActiveCfg = Debug|x86
		{2BF4AB71-A349-469D-862D-FDD496466C08}.Debug|x86.Build.0 = Debug|x86
		{2BF4AB71-A349-469D-862D-FDD496466C08}.Debug|x86.Deploy.0 = Debug|x86
		{2BF4AB71-A349-469D-862D-FDD496466C08}.Release|Any CPU.ActiveCfg = Release|x86
		{2BF4AB71-A349-469D-862D-FDD496466C08}.Release|ARM.ActiveCfg = Release|ARM
		{2BF4AB71-A349-469D-862D-FDD496466C08}.Release|ARM.Build.0 = Release|ARM
		{2BF4AB71-A349-469D-862D-FDD496466C08}.Release|ARM.Deploy.0 = Release|ARM
		{2BF4AB71-A349-469D-862D-FDD496466C08}.Release|ARM64.ActiveCfg = Release|ARM64
		{2BF4AB71-A349-469D-862D-FDD496466C08}.Release|ARM64.Build.0 = Release|ARM64
		{2BF4AB71-A349-469D-862D-FDD496466C08}.Release|ARM64.Deploy.0 = Release|ARM64
		{2BF4AB71-A349-469D-862D-FDD496466C08}.Release|x64.ActiveCfg = Release|x64
		{2BF4AB71-A349-469D-862D-FDD496466C08}.Release|x64.Build.0 = Release|x64
		{2BF4AB71-A349-469D-862D-FDD496466C08}.Release|x64.Deploy.0 = Release|x64
		{2BF4AB71-A349-469D-862D-FDD496466C08}.Release|x86.ActiveCfg = Release|x86
		{2BF4AB71-A349-469D-862D-FDD496466C08}.Release|x86.Build.0 = Release|x86
		{2BF4AB71-A349-469D-862D-FDD496466C08}.Release|x86.Deploy.0 = Release|x86
		{C38701B8-FDAA-4402-BA9C-670FF644A669}.Debug|Any CPU.ActiveCfg = Debug|x86
		{C38701B8-FDAA-4402-BA9C-670FF644A669}.Debug|ARM.ActiveCfg = Debug|ARM
		{C38701B8-FDAA-4402-BA9C-670FF644A669}.Debug|ARM.Build.0 = Debug|ARM
		{C38701B8-FDAA-4402-BA9C-670FF644A669}.Debug|ARM.Deploy.0 = Debug|ARM
		{C38701B8-FDAA-4402-BA9C-670FF644A669}.Debug|ARM64.ActiveCfg = Debug|ARM64
		{C38701B8-FDAA-4402-BA9C-670FF644A669}.Debug|ARM64.Build.0 = Debug|ARM64
		{C38701B8-FDAA-4402-BA9C-670FF644A669}.Debug|ARM64.Deploy.0 = Debug|ARM64
		{C38701B8-FDAA-4402-BA9C-670FF644A669}.Debug|x64.ActiveCfg = Debug|x64
		{C38701B8-FDAA-4402-BA9C-670FF644A669}.Debug|x64.Build.0 = Debug|x64
		{C38701B8-FDAA-4402-BA9C-670FF644A669}.Debug|x64.Deploy.0 = Debug|x64
		{C38701B8-FDAA-4402-BA9C-670FF644A669}.Debug|x86.ActiveCfg = Debug|x86
		{C38701B8-FDAA-4402-BA9C-670FF644A669}.Debug|x86.Build.0 = Debug|x86
		{C38701B8-FDAA-4402-BA9C-670FF644A669}.Debug|x86.Deploy.0 = Debug|x86
		{C38701B8-FDAA-4402-BA9C-670FF644A669}.Release|Any CPU.ActiveCfg = Release|x86
		{C38701B8-FDAA-4402-BA9C-670FF644A669}.Release|ARM.ActiveCfg = Release|ARM
		{C38701B8-FDAA-4402-BA9C-670FF644A669}.Release|ARM.Build.0 = Release|ARM
		{C38701B8-FDAA-4402-BA9C-670FF644A669}.Release|ARM.Deploy.0 = Release|ARM
		{C38701B8-FDAA-4402-BA9C-670FF644A669}.Release|ARM64.ActiveCfg = Release|ARM64
		{C38701B8-FDAA-4402-BA9C-670FF644A669}.Release|ARM64.Build.0 = Release|ARM64
		{C38701B8-FDAA-4402-BA9C-670FF644A669}.Release|ARM64.Deploy.0 = Release|ARM64
		{C38701B8-FDAA-4402-BA9C-670FF644A669}.Release|x64.ActiveCfg = Release|x64
		{C38701B8-FDAA-4402-BA9C-670FF644A669}.Release|x64.Build.0 = Release|x64
		{C38701B8-FDAA-4402-BA9C-670FF644A669}.Release|x64.Deploy.0 = Release|x64
		{C38701B8-FDAA-4402-BA9C-670FF644A669}.Release|x86.ActiveCfg = Release|x86
		{C38701B8-FDAA-4402-BA9C-670FF644A669}.Release|x86.Build.0 = Release|x86
		{C38701B8-FDAA-4402-BA9C-670FF644A669}.Release|x86.Deploy.0 = Release|x86
		{B451691D-7026-4416-A9A7-0DF6796CEB0C}.Debug|Any CPU.ActiveCfg = Debug|x86
		{B451691D-7026-4416-A9A7-0DF6796CEB0C}.Debug|ARM.ActiveCfg = Debug|ARM
		{B451691D-7026-4416-A9A7-0DF6796CEB0C}.Debug|ARM.Build.0 = Debug|ARM
		{B451691D-7026-4416-A9A7-0DF6796CEB0C}.Debug|ARM.Deploy.0 = Debug|ARM
		{B451691D-7026-4416-A9A7-0DF6796CEB0C}.Debug|ARM64.ActiveCfg = Debug|ARM64
		{B451691D-7026-4416-A9A7-0DF6796CEB0C}.Debug|ARM64.Build.0 = Debug|ARM64
		{B451691D-7026-4416-A9A7-0DF6796CEB0C}.Debug|ARM64.Deploy.0 = Debug|ARM64
		{B451691D-7026-4416-A9A7-0DF6796CEB0C}.Debug|x64.ActiveCfg = Debug|x64
		{B451691D-7026-4416-A9A7-0DF6796CEB0C}.Debug|x64.Build.0 = Debug|x64
		{B451691D-7026-4416-A9A7-0DF6796CEB0C}.Debug|x64.Deploy.0 = Debug|x64
		{B451691D-7026-4416-A9A7-0DF6796CEB0C}.Debug|x86.ActiveCfg = Debug|x86
		{B451691D-7026-4416-A9A7-0DF6796CEB0C}.Debug|x86.Build.0 = Debug|x86
		{B451691D-7026-4416-A9A7-0DF6796CEB0C}.Debug|x86.Deploy.0 = Debug|x86
		{B451691D-7026-4416-A9A7-0DF6796CEB0C}.Release|Any CPU.ActiveCfg = Release|x86
		{B451691D-7026-4416-A9A7-0DF6796CEB0C}.Release|ARM.ActiveCfg = Release|ARM
		{B451691D-7026-4416-A9A7-0DF6796CEB0C}.Release|ARM.Build.0 = Release|ARM
		{B451691D-7026-4416-A9A7-0DF6796CEB0C}.Release|ARM.Deploy.0 = Release|ARM
		{B451691D-7026-4416-A9A7-0DF6796CEB0C}.Release|ARM64.ActiveCfg = Release|ARM64
		{B451691D-7026-4416-A9A7-0DF6796CEB0C}.Release|ARM64.Build.0 = Release|ARM64
		{B451691D-7026-4416-A9A7-0DF6796CEB0C}.Release|ARM64.Deploy.0 = Release|ARM64
		{B451691D-7026-4416-A9A7-0DF6796CEB0C}.Release|x64.ActiveCfg = Release|x64
		{B451691D-7026-4416-A9A7-0DF6796CEB0C}.Release|x64.Build.0 = Release|x64
		{B451691D-7026-4416-A9A7-0DF6796CEB0C}.Release|x64.Deploy.0 = Release|x64
		{B451691D-7026-4416-A9A7-0DF6796CEB0C}.Release|x86.ActiveCfg = Release|x86
		{B451691D-7026-4416-A9A7-0DF6796CEB0C}.Release|x86.Build.0 = Release|x86
		{B451691D-7026-4416-A9A7-0DF6796CEB0C}.Release|x86.Deploy.0 = Release|x86
		{E7E5C1BE-4537-4390-910E-30CB847C91D1}.Debug|Any CPU.ActiveCfg = Debug|x86
		{E7E5C1BE-4537-4390-910E-30CB847C91D1}.Debug|ARM.ActiveCfg = Debug|ARM
		{E7E5C1BE-4537-4390-910E-30CB847C91D1}.Debug|ARM.Build.0 = Debug|ARM
		{E7E5C1BE-4537-4390-910E-30CB847C91D1}.Debug|ARM.Deploy.0 = Debug|ARM
		{E7E5C1BE-4537-4390-910E-30CB847C91D1}.Debug|ARM64.ActiveCfg = Debug|ARM64
		{E7E5C1BE-4537-4390-910E-30CB847C91D1}.Debug|ARM64.Build.0 = Debug|ARM64
		{E7E5C1BE-4537-4390-910E-30CB847C91D1}.Debug|ARM64.Deploy.0 = Debug|ARM64
		{E7E5C1BE-4537-4390-910E-30CB847C91D1}.Debug|x64.ActiveCfg = Debug|x64
		{E7E5C1BE-4537-4390-910E-30CB847C91D1}.Debug|x64.Build.0 = Debug|x64
		{E7E5C1BE-4537-4390-910E-30CB847C91D1}.Debug|x64.Deploy.0 = Debug|x64
		{E7E5C1BE-4537-4390-910E-30CB847C91D1}.Debug|x86.ActiveCfg = Debug|x86
		{E7E5C1BE-4537-4390-910E-30CB847C91D1}.Debug|x86.Build.0 = Debug|x86
		{E7E5C1BE-4537-4390-910E-30CB847C91D1}.Debug|x86.Deploy.0 = Debug|x86
		{E7E5C1BE-4537-4390-910E-30CB847C91D1}.Release|Any CPU.ActiveCfg = Release|x86
		{E7E5C1BE-4537-4390-910E-30CB847C91D1}.Release|ARM.ActiveCfg = Release|ARM
		{E7E5C1BE-4537-4390-910E-30CB847C91D1}.Release|ARM.Build.0 = Release|ARM
		{E7E5C1BE-4537-4390-910E-30CB847C91D1}.Release|ARM.Deploy.0 = Release|ARM
		{E7E5C1BE-4537-4390-910E-30CB847C91D1}.Release|ARM64.ActiveCfg = Release|ARM64
		{E7E5C1BE-4537-4390-910E-30CB847C91D1}.Release|ARM64.Build.0 = Release|ARM64
		{E7E5C1BE-4537-4390-910E-30CB847C91D1}.Release|ARM64.Deploy.0 = Release|ARM64
		{E7E5C1BE-4537-4390-910E-30CB847C91D1}.Release|x64.ActiveCfg = Release|x64
		{E7E5C1BE-4537-4390-910E-30CB847C91D1}.Release|x64.Build.0 = Release|x64
		{E7E5C1BE-4537-4390-910E-30CB847C91D1}.Release|x64.Deploy.0 = Release|x64
		{E7E5C1BE-4537-4390-910E-30CB847C91D1}.Release|x86.ActiveCfg = Release|x86
		{E7E5C1BE-4537-4390-910E-30CB847C91D1}.Release|x86.Build.0 = Release|x86
		{E7E5C1BE-4537-4390-910E-30CB847C91D1}.Release|x86.Deploy.0 = Release|x86
		{5B38B04B-EC38-4892-9D13-9EB89F37BCEA}.Debug|Any CPU.ActiveCfg = Debug|x86
		{5B38B04B-EC38-4892-9D13-9EB89F37BCEA}.Debug|ARM.ActiveCfg = Debug|ARM
		{5B38B04B-EC38-4892-9D13-9EB89F37BCEA}.Debug|ARM.Build.0 = Debug|ARM
		{5B38B04B-EC38-4892-9D13-9EB89F37BCEA}.Debug|ARM.Deploy.0 = Debug|ARM
		{5B38B04B-EC38-4892-9D13-9EB89F37BCEA}.Debug|ARM64.ActiveCfg = Debug|ARM64
		{5B38B04B-EC38-4892-9D13-9EB89F37BCEA}.Debug|ARM64.Build.0 = Debug|ARM64
		{5B38B04B-EC38-4892-9D13-9EB89F37BCEA}.Debug|ARM64.Deploy.0 = Debug|ARM64
		{5B38B04B-EC38-4892-9D13-9EB89F37BCEA}.Debug|x64.ActiveCfg = Debug|x64
		{5B38B04B-EC38-4892-9D13-9EB89F37BCEA}.Debug|x64.Build.0 = Debug|x64
		{5B38B04B-EC38-4892-9D13-9EB89F37BCEA}.Debug|x64.Deploy.0 = Debug|x64
		{5B38B04B-EC38-4892-9D13-9EB89F37BCEA}.Debug|x86.ActiveCfg = Debug|x86
		{5B38B04B-EC38-4892-9D13-9EB89F37BCEA}.Debug|x86.Build.0 = Debug|x86
		{5B38B04B-EC38-4892-9D13-9EB89F37BCEA}.Debug|x86.Deploy.0 = Debug|x86
		{5B38B04B-EC38-4892-9D13-9EB89F37BCEA}.Release|Any CPU.ActiveCfg = Release|x86
		{5B38B04B-EC38-4892-9D13-9EB89F37BCEA}.Release|ARM.ActiveCfg = Release|ARM
		{5B38B04B-EC38-4892-9D13-9EB89F37BCEA}.Release|ARM.Build.0 = Release|ARM
		{5B38B04B-EC38-4892-9D13-9EB89F37BCEA}.Release|ARM.Deploy.0 = Release|ARM
		{5B38B04B-EC38-4892-9D13-9EB89F37BCEA}.Release|ARM64.ActiveCfg = Release|ARM64
		{5B38B04B-EC38-4892-9D13-9EB89F37BCEA}.Release|ARM64.Build.0 = Release|ARM64
		{5B38B04B-EC38-4892-9D13-9EB89F37BCEA}.Release|ARM64.Deploy.0 = Release|ARM64
		{5B38B04B-EC38-4892-9D13-9EB89F37BCEA}.Release|x64.ActiveCfg = Release|x64
		{5B38B04B-EC38-4892-9D13-9EB89F37BCEA}.Release|x64.Build.0 = Release|x64
		{5B38B04B-EC38-4892-9D13-9EB89F37BCEA}.Release|x64.Deploy.0 = Release|x64
		{5B38B04B-EC38-4892-9D13-9EB89F37BCEA}.Release|x86.ActiveCfg = Release|x86
		{5B38B04B-EC38-4892-9D13-9EB89F37BCEA}.Release|x86.Build.0 = Release|x86
		{5B38B04B-EC38-4892-9D13-9EB89F37BCEA}.Release|x86.Deploy.0 = Release|x86
		{A7964F77-D48F-4A00-B55F-843F729CB3EB}.Debug|Any CPU.ActiveCfg = Debug|x86
		{A7964F77-D48F-4A00-B55F-843F729CB3EB}.Debug|ARM.ActiveCfg = Debug|ARM
		{A7964F77-D48F-4A00-B55F-843F729CB3EB}.Debug|ARM.Build.0 = Debug|ARM
		{A7964F77-D48F-4A00-B55F-843F729CB3EB}.Debug|ARM.Deploy.0 = Debug|ARM
		{A7964F77-D48F-4A00-B55F-843F729CB3EB}.Debug|ARM64.ActiveCfg = Debug|x86
		{A7964F77-D48F-4A00-B55F-843F729CB3EB}.Debug|x64.ActiveCfg = Debug|x64
		{A7964F77-D48F-4A00-B55F-843F729CB3EB}.Debug|x64.Build.0 = Debug|x64
		{A7964F77-D48F-4A00-B55F-843F729CB3EB}.Debug|x64.Deploy.0 = Debug|x64
		{A7964F77-D48F-4A00-B55F-843F729CB3EB}.Debug|x86.ActiveCfg = Debug|x86
		{A7964F77-D48F-4A00-B55F-843F729CB3EB}.Debug|x86.Build.0 = Debug|x86
		{A7964F77-D48F-4A00-B55F-843F729CB3EB}.Debug|x86.Deploy.0 = Debug|x86
		{A7964F77-D48F-4A00-B55F-843F729CB3EB}.Release|Any CPU.ActiveCfg = Release|x86
		{A7964F77-D48F-4A00-B55F-843F729CB3EB}.Release|ARM.ActiveCfg = Release|ARM
		{A7964F77-D48F-4A00-B55F-843F729CB3EB}.Release|ARM.Build.0 = Release|ARM
		{A7964F77-D48F-4A00-B55F-843F729CB3EB}.Release|ARM.Deploy.0 = Release|ARM
		{A7964F77-D48F-4A00-B55F-843F729CB3EB}.Release|ARM64.ActiveCfg = Release|x86
		{A7964F77-D48F-4A00-B55F-843F729CB3EB}.Release|x64.ActiveCfg = Release|x64
		{A7964F77-D48F-4A00-B55F-843F729CB3EB}.Release|x64.Build.0 = Release|x64
		{A7964F77-D48F-4A00-B55F-843F729CB3EB}.Release|x64.Deploy.0 = Release|x64
		{A7964F77-D48F-4A00-B55F-843F729CB3EB}.Release|x86.ActiveCfg = Release|x86
		{A7964F77-D48F-4A00-B55F-843F729CB3EB}.Release|x86.Build.0 = Release|x86
		{A7964F77-D48F-4A00-B55F-843F729CB3EB}.Release|x86.Deploy.0 = Release|x86
		{87C80D14-2F01-407F-AC9E-624B2E0D61F5}.Debug|Any CPU.ActiveCfg = Debug|Any CPU
		{87C80D14-2F01-407F-AC9E-624B2E0D61F5}.Debug|Any CPU.Build.0 = Debug|Any CPU
		{87C80D14-2F01-407F-AC9E-624B2E0D61F5}.Debug|ARM.ActiveCfg = Debug|Any CPU
		{87C80D14-2F01-407F-AC9E-624B2E0D61F5}.Debug|ARM.Build.0 = Debug|Any CPU
		{87C80D14-2F01-407F-AC9E-624B2E0D61F5}.Debug|ARM64.ActiveCfg = Debug|Any CPU
		{87C80D14-2F01-407F-AC9E-624B2E0D61F5}.Debug|ARM64.Build.0 = Debug|Any CPU
		{87C80D14-2F01-407F-AC9E-624B2E0D61F5}.Debug|x64.ActiveCfg = Debug|Any CPU
		{87C80D14-2F01-407F-AC9E-624B2E0D61F5}.Debug|x64.Build.0 = Debug|Any CPU
		{87C80D14-2F01-407F-AC9E-624B2E0D61F5}.Debug|x86.ActiveCfg = Debug|Any CPU
		{87C80D14-2F01-407F-AC9E-624B2E0D61F5}.Debug|x86.Build.0 = Debug|Any CPU
		{87C80D14-2F01-407F-AC9E-624B2E0D61F5}.Release|Any CPU.ActiveCfg = Release|Any CPU
		{87C80D14-2F01-407F-AC9E-624B2E0D61F5}.Release|Any CPU.Build.0 = Release|Any CPU
		{87C80D14-2F01-407F-AC9E-624B2E0D61F5}.Release|ARM.ActiveCfg = Release|Any CPU
		{87C80D14-2F01-407F-AC9E-624B2E0D61F5}.Release|ARM.Build.0 = Release|Any CPU
		{87C80D14-2F01-407F-AC9E-624B2E0D61F5}.Release|ARM64.ActiveCfg = Release|Any CPU
		{87C80D14-2F01-407F-AC9E-624B2E0D61F5}.Release|ARM64.Build.0 = Release|Any CPU
		{87C80D14-2F01-407F-AC9E-624B2E0D61F5}.Release|x64.ActiveCfg = Release|Any CPU
		{87C80D14-2F01-407F-AC9E-624B2E0D61F5}.Release|x64.Build.0 = Release|Any CPU
		{87C80D14-2F01-407F-AC9E-624B2E0D61F5}.Release|x86.ActiveCfg = Release|Any CPU
		{87C80D14-2F01-407F-AC9E-624B2E0D61F5}.Release|x86.Build.0 = Release|Any CPU
	EndGlobalSection
	GlobalSection(SolutionProperties) = preSolution
		HideSolutionNode = FALSE
	EndGlobalSection
	GlobalSection(ExtensibilityGlobals) = postSolution
		SolutionGuid = {5C02C184-69AA-4F71-AE3C-ABCF78849A57}
	EndGlobalSection
EndGlobal
